// !$*UTF8*$!
{
	archiveVersion = 1;
	classes = {
	};
	objectVersion = 77;
	objects = {

/* Begin PBXContainerItemProxy section */
		5A4CAB6F2DF0C51E00178D33 /* PBXContainerItemProxy */ = {
			isa = PBXContainerItemProxy;
			containerPortal = 5A4CAB572DF0C51D00178D33 /* Project object */;
			proxyType = 1;
			remoteGlobalIDString = 5A4CAB5E2DF0C51D00178D33;
			remoteInfo = MyPokemon;
		};
		5A4CAB792DF0C51E00178D33 /* PBXContainerItemProxy */ = {
			isa = PBXContainerItemProxy;
			containerPortal = 5A4CAB572DF0C51D00178D33 /* Project object */;
			proxyType = 1;
			remoteGlobalIDString = 5A4CAB5E2DF0C51D00178D33;
			remoteInfo = MyPokemon;
		};
/* End PBXContainerItemProxy section */

/* Begin PBXFileReference section */
		5A4CAB5F2DF0C51D00178D33 /* MyPokemon.app */ = {isa = PBXFileReference; explicitFileType = wrapper.application; includeInIndex = 0; path = MyPokemon.app; sourceTree = BUILT_PRODUCTS_DIR; };
		5A4CAB6E2DF0C51E00178D33 /* MyPokemonTests.xctest */ = {isa = PBXFileReference; explicitFileType = wrapper.cfbundle; includeInIndex = 0; path = MyPokemonTests.xctest; sourceTree = BUILT_PRODUCTS_DIR; };
		5A4CAB782DF0C51E00178D33 /* MyPokemonUITests.xctest */ = {isa = PBXFileReference; explicitFileType = wrapper.cfbundle; includeInIndex = 0; path = MyPokemonUITests.xctest; sourceTree = BUILT_PRODUCTS_DIR; };
/* End PBXFileReference section */

/* Begin PBXFileSystemSynchronizedRootGroup section */
		5A4CAB612DF0C51D00178D33 /* MyPokemon */ = {
			isa = PBXFileSystemSynchronizedRootGroup;
			path = MyPokemon;
			sourceTree = "<group>";
		};
		5A4CAB712DF0C51E00178D33 /* MyPokemonTests */ = {
			isa = PBXFileSystemSynchronizedRootGroup;
			path = MyPokemonTests;
			sourceTree = "<group>";
		};
		5A4CAB7B2DF0C51E00178D33 /* MyPokemonUITests */ = {
			isa = PBXFileSystemSynchronizedRootGroup;
			path = MyPokemonUITests;
			sourceTree = "<group>";
		};
/* End PBXFileSystemSynchronizedRootGroup section */

/* Begin PBXFrameworksBuildPhase section */
		5A4CAB5C2DF0C51D00178D33 /* Frameworks */ = {
			isa = PBXFrameworksBuildPhase;
			buildActionMask = 2147483647;
			files = (
			);
			runOnlyForDeploymentPostprocessing = 0;
		};
		5A4CAB6B2DF0C51E00178D33 /* Frameworks */ = {
			isa = PBXFrameworksBuildPhase;
			buildActionMask = 2147483647;
			files = (
			);
			runOnlyForDeploymentPostprocessing = 0;
		};
		5A4CAB752DF0C51E00178D33 /* Frameworks */ = {
			isa = PBXFrameworksBuildPhase;
			buildActionMask = 2147483647;
			files = (
			);
			runOnlyForDeploymentPostprocessing = 0;
		};
/* End PBXFrameworksBuildPhase section */

/* Begin PBXGroup section */
		5A4CAB562DF0C51D00178D33 = {
			isa = PBXGroup;
			children = (
				5A4CAB612DF0C51D00178D33 /* MyPokemon */,
				5A4CAB712DF0C51E00178D33 /* MyPokemonTests */,
				5A4CAB7B2DF0C51E00178D33 /* MyPokemonUITests */,
				5A4CAB602DF0C51D00178D33 /* Products */,
			);
			sourceTree = "<group>";
		};
		5A4CAB602DF0C51D00178D33 /* Products */ = {
			isa = PBXGroup;
			children = (
				5A4CAB5F2DF0C51D00178D33 /* MyPokemon.app */,
				5A4CAB6E2DF0C51E00178D33 /* MyPokemonTests.xctest */,
				5A4CAB782DF0C51E00178D33 /* MyPokemonUITests.xctest */,
			);
			name = Products;
			sourceTree = "<group>";
		};
/* End PBXGroup section */

/* Begin PBXNativeTarget section */
		5A4CAB5E2DF0C51D00178D33 /* MyPokemon */ = {
			isa = PBXNativeTarget;
			buildConfigurationList = 5A4CAB822DF0C51E00178D33 /* Build configuration list for PBXNativeTarget "MyPokemon" */;
			buildPhases = (
				5A4CAB5B2DF0C51D00178D33 /* Sources */,
				5A4CAB5C2DF0C51D00178D33 /* Frameworks */,
				5A4CAB5D2DF0C51D00178D33 /* Resources */,
			);
			buildRules = (
			);
			dependencies = (
			);
			fileSystemSynchronizedGroups = (
				5A4CAB612DF0C51D00178D33 /* MyPokemon */,
			);
			name = MyPokemon;
			packageProductDependencies = (
			);
			productName = MyPokemon;
			productReference = 5A4CAB5F2DF0C51D00178D33 /* MyPokemon.app */;
			productType = "com.apple.product-type.application";
		};
		5A4CAB6D2DF0C51E00178D33 /* MyPokemonTests */ = {
			isa = PBXNativeTarget;
			buildConfigurationList = 5A4CAB852DF0C51E00178D33 /* Build configuration list for PBXNativeTarget "MyPokemonTests" */;
			buildPhases = (
				5A4CAB6A2DF0C51E00178D33 /* Sources */,
				5A4CAB6B2DF0C51E00178D33 /* Frameworks */,
				5A4CAB6C2DF0C51E00178D33 /* Resources */,
			);
			buildRules = (
			);
			dependencies = (
				5A4CAB702DF0C51E00178D33 /* PBXTargetDependency */,
			);
			fileSystemSynchronizedGroups = (
				5A4CAB712DF0C51E00178D33 /* MyPokemonTests */,
			);
			name = MyPokemonTests;
			packageProductDependencies = (
			);
			productName = MyPokemonTests;
			productReference = 5A4CAB6E2DF0C51E00178D33 /* MyPokemonTests.xctest */;
			productType = "com.apple.product-type.bundle.unit-test";
		};
		5A4CAB772DF0C51E00178D33 /* MyPokemonUITests */ = {
			isa = PBXNativeTarget;
			buildConfigurationList = 5A4CAB882DF0C51E00178D33 /* Build configuration list for PBXNativeTarget "MyPokemonUITests" */;
			buildPhases = (
				5A4CAB742DF0C51E00178D33 /* Sources */,
				5A4CAB752DF0C51E00178D33 /* Frameworks */,
				5A4CAB762DF0C51E00178D33 /* Resources */,
			);
			buildRules = (
			);
			dependencies = (
				5A4CAB7A2DF0C51E00178D33 /* PBXTargetDependency */,
			);
			fileSystemSynchronizedGroups = (
				5A4CAB7B2DF0C51E00178D33 /* MyPokemonUITests */,
			);
			name = MyPokemonUITests;
			packageProductDependencies = (
			);
			productName = MyPokemonUITests;
			productReference = 5A4CAB782DF0C51E00178D33 /* MyPokemonUITests.xctest */;
			productType = "com.apple.product-type.bundle.ui-testing";
		};
/* End PBXNativeTarget section */

/* Begin PBXProject section */
		5A4CAB572DF0C51D00178D33 /* Project object */ = {
			isa = PBXProject;
			attributes = {
				BuildIndependentTargetsInParallel = 1;
				LastSwiftUpdateCheck = 1630;
				LastUpgradeCheck = 1630;
				TargetAttributes = {
					5A4CAB5E2DF0C51D00178D33 = {
						CreatedOnToolsVersion = 16.3;
					};
					5A4CAB6D2DF0C51E00178D33 = {
						CreatedOnToolsVersion = 16.3;
						TestTargetID = 5A4CAB5E2DF0C51D00178D33;
					};
					5A4CAB772DF0C51E00178D33 = {
						CreatedOnToolsVersion = 16.3;
						TestTargetID = 5A4CAB5E2DF0C51D00178D33;
					};
				};
			};
			buildConfigurationList = 5A4CAB5A2DF0C51D00178D33 /* Build configuration list for PBXProject "MyPokemon" */;
			developmentRegion = en;
			hasScannedForEncodings = 0;
			knownRegions = (
				en,
				Base,
			);
			mainGroup = 5A4CAB562DF0C51D00178D33;
			minimizedProjectReferenceProxies = 1;
			preferredProjectObjectVersion = 77;
			productRefGroup = 5A4CAB602DF0C51D00178D33 /* Products */;
			projectDirPath = "";
			projectRoot = "";
			targets = (
				5A4CAB5E2DF0C51D00178D33 /* MyPokemon */,
				5A4CAB6D2DF0C51E00178D33 /* MyPokemonTests */,
				5A4CAB772DF0C51E00178D33 /* MyPokemonUITests */,
			);
		};
/* End PBXProject section */

/* Begin PBXResourcesBuildPhase section */
		5A4CAB5D2DF0C51D00178D33 /* Resources */ = {
			isa = PBXResourcesBuildPhase;
			buildActionMask = 2147483647;
			files = (
			);
			runOnlyForDeploymentPostprocessing = 0;
		};
		5A4CAB6C2DF0C51E00178D33 /* Resources */ = {
			isa = PBXResourcesBuildPhase;
			buildActionMask = 2147483647;
			files = (
			);
			runOnlyForDeploymentPostprocessing = 0;
		};
		5A4CAB762DF0C51E00178D33 /* Resources */ = {
			isa = PBXResourcesBuildPhase;
			buildActionMask = 2147483647;
			files = (
			);
			runOnlyForDeploymentPostprocessing = 0;
		};
/* End PBXResourcesBuildPhase section */

/* Begin PBXSourcesBuildPhase section */
		5A4CAB5B2DF0C51D00178D33 /* Sources */ = {
			isa = PBXSourcesBuildPhase;
			buildActionMask = 2147483647;
			files = (
			);
			runOnlyForDeploymentPostprocessing = 0;
		};
		5A4CAB6A2DF0C51E00178D33 /* Sources */ = {
			isa = PBXSourcesBuildPhase;
			buildActionMask = 2147483647;
			files = (
			);
			runOnlyForDeploymentPostprocessing = 0;
		};
		5A4CAB742DF0C51E00178D33 /* Sources */ = {
			isa = PBXSourcesBuildPhase;
			buildActionMask = 2147483647;
			files = (
			);
			runOnlyForDeploymentPostprocessing = 0;
		};
/* End PBXSourcesBuildPhase section */

/* Begin PBXTargetDependency section */
		5A4CAB702DF0C51E00178D33 /* PBXTargetDependency */ = {
			isa = PBXTargetDependency;
			target = 5A4CAB5E2DF0C51D00178D33 /* MyPokemon */;
			targetProxy = 5A4CAB6F2DF0C51E00178D33 /* PBXContainerItemProxy */;
		};
		5A4CAB7A2DF0C51E00178D33 /* PBXTargetDependency */ = {
			isa = PBXTargetDependency;
			target = 5A4CAB5E2DF0C51D00178D33 /* MyPokemon */;
			targetProxy = 5A4CAB792DF0C51E00178D33 /* PBXContainerItemProxy */;
		};
/* End PBXTargetDependency section */

/* Begin XCBuildConfiguration section */
		5A4CAB802DF0C51E00178D33 /* Debug */ = {
			isa = XCBuildConfiguration;
			buildSettings = {
				ALWAYS_SEARCH_USER_PATHS = NO;
				ASSETCATALOG_COMPILER_GENERATE_SWIFT_ASSET_SYMBOL_EXTENSIONS = YES;
				CLANG_ANALYZER_NONNULL = YES;
				CLANG_ANALYZER_NUMBER_OBJECT_CONVERSION = YES_AGGRESSIVE;
				CLANG_CXX_LANGUAGE_STANDARD = "gnu++20";
				CLANG_ENABLE_MODULES = YES;
				CLANG_ENABLE_OBJC_ARC = YES;
				CLANG_ENABLE_OBJC_WEAK = YES;
				CLANG_WARN_BLOCK_CAPTURE_AUTORELEASING = YES;
				CLANG_WARN_BOOL_CONVERSION = YES;
				CLANG_WARN_COMMA = YES;
				CLANG_WARN_CONSTANT_CONVERSION = YES;
				CLANG_WARN_DEPRECATED_OBJC_IMPLEMENTATIONS = YES;
				CLANG_WARN_DIRECT_OBJC_ISA_USAGE = YES_ERROR;
				CLANG_WARN_DOCUMENTATION_COMMENTS = YES;
				CLANG_WARN_EMPTY_BODY = YES;
				CLANG_WARN_ENUM_CONVERSION = YES;
				CLANG_WARN_INFINITE_RECURSION = YES;
				CLANG_WARN_INT_CONVERSION = YES;
				CLANG_WARN_NON_LITERAL_NULL_CONVERSION = YES;
				CLANG_WARN_OBJC_IMPLICIT_RETAIN_SELF = YES;
				CLANG_WARN_OBJC_LITERAL_CONVERSION = YES;
				CLANG_WARN_OBJC_ROOT_CLASS = YES_ERROR;
				CLANG_WARN_QUOTED_INCLUDE_IN_FRAMEWORK_HEADER = YES;
				CLANG_WARN_RANGE_LOOP_ANALYSIS = YES;
				CLANG_WARN_STRICT_PROTOTYPES = YES;
				CLANG_WARN_SUSPICIOUS_MOVE = YES;
				CLANG_WARN_UNGUARDED_AVAILABILITY = YES_AGGRESSIVE;
				CLANG_WARN_UNREACHABLE_CODE = YES;
				CLANG_WARN__DUPLICATE_METHOD_MATCH = YES;
				COPY_PHASE_STRIP = NO;
				DEBUG_INFORMATION_FORMAT = dwarf;
				DEVELOPMENT_TEAM = N5DJJCAK38;
				ENABLE_STRICT_OBJC_MSGSEND = YES;
				ENABLE_TESTABILITY = YES;
				ENABLE_USER_SCRIPT_SANDBOXING = YES;
				GCC_C_LANGUAGE_STANDARD = gnu17;
				GCC_DYNAMIC_NO_PIC = NO;
				GCC_NO_COMMON_BLOCKS = YES;
				GCC_OPTIMIZATION_LEVEL = 0;
				GCC_PREPROCESSOR_DEFINITIONS = (
					"DEBUG=1",
					"$(inherited)",
				);
				GCC_WARN_64_TO_32_BIT_CONVERSION = YES;
				GCC_WARN_ABOUT_RETURN_TYPE = YES_ERROR;
				GCC_WARN_UNDECLARED_SELECTOR = YES;
				GCC_WARN_UNINITIALIZED_AUTOS = YES_AGGRESSIVE;
				GCC_WARN_UNUSED_FUNCTION = YES;
				GCC_WARN_UNUSED_VARIABLE = YES;
				IPHONEOS_DEPLOYMENT_TARGET = 18.4;
				LOCALIZATION_PREFERS_STRING_CATALOGS = YES;
				MTL_ENABLE_DEBUG_INFO = INCLUDE_SOURCE;
				MTL_FAST_MATH = YES;
				ONLY_ACTIVE_ARCH = YES;
				SDKROOT = iphoneos;
				SWIFT_ACTIVE_COMPILATION_CONDITIONS = "DEBUG $(inherited)";
				SWIFT_OPTIMIZATION_LEVEL = "-Onone";
			};
			name = Debug;
		};
		5A4CAB812DF0C51E00178D33 /* Release */ = {
			isa = XCBuildConfiguration;
			buildSettings = {
				ALWAYS_SEARCH_USER_PATHS = NO;
				ASSETCATALOG_COMPILER_GENERATE_SWIFT_ASSET_SYMBOL_EXTENSIONS = YES;
				CLANG_ANALYZER_NONNULL = YES;
				CLANG_ANALYZER_NUMBER_OBJECT_CONVERSION = YES_AGGRESSIVE;
				CLANG_CXX_LANGUAGE_STANDARD = "gnu++20";
				CLANG_ENABLE_MODULES = YES;
				CLANG_ENABLE_OBJC_ARC = YES;
				CLANG_ENABLE_OBJC_WEAK = YES;
				CLANG_WARN_BLOCK_CAPTURE_AUTORELEASING = YES;
				CLANG_WARN_BOOL_CONVERSION = YES;
				CLANG_WARN_COMMA = YES;
				CLANG_WARN_CONSTANT_CONVERSION = YES;
				CLANG_WARN_DEPRECATED_OBJC_IMPLEMENTATIONS = YES;
				CLANG_WARN_DIRECT_OBJC_ISA_USAGE = YES_ERROR;
				CLANG_WARN_DOCUMENTATION_COMMENTS = YES;
				CLANG_WARN_EMPTY_BODY = YES;
				CLANG_WARN_ENUM_CONVERSION = YES;
				CLANG_WARN_INFINITE_RECURSION = YES;
				CLANG_WARN_INT_CONVERSION = YES;
				CLANG_WARN_NON_LITERAL_NULL_CONVERSION = YES;
				CLANG_WARN_OBJC_IMPLICIT_RETAIN_SELF = YES;
				CLANG_WARN_OBJC_LITERAL_CONVERSION = YES;
				CLANG_WARN_OBJC_ROOT_CLASS = YES_ERROR;
				CLANG_WARN_QUOTED_INCLUDE_IN_FRAMEWORK_HEADER = YES;
				CLANG_WARN_RANGE_LOOP_ANALYSIS = YES;
				CLANG_WARN_STRICT_PROTOTYPES = YES;
				CLANG_WARN_SUSPICIOUS_MOVE = YES;
				CLANG_WARN_UNGUARDED_AVAILABILITY = YES_AGGRESSIVE;
				CLANG_WARN_UNREACHABLE_CODE = YES;
				CLANG_WARN__DUPLICATE_METHOD_MATCH = YES;
				COPY_PHASE_STRIP = NO;
				DEBUG_INFORMATION_FORMAT = "dwarf-with-dsym";
				DEVELOPMENT_TEAM = N5DJJCAK38;
				ENABLE_NS_ASSERTIONS = NO;
				ENABLE_STRICT_OBJC_MSGSEND = YES;
				ENABLE_USER_SCRIPT_SANDBOXING = YES;
				GCC_C_LANGUAGE_STANDARD = gnu17;
				GCC_NO_COMMON_BLOCKS = YES;
				GCC_WARN_64_TO_32_BIT_CONVERSION = YES;
				GCC_WARN_ABOUT_RETURN_TYPE = YES_ERROR;
				GCC_WARN_UNDECLARED_SELECTOR = YES;
				GCC_WARN_UNINITIALIZED_AUTOS = YES_AGGRESSIVE;
				GCC_WARN_UNUSED_FUNCTION = YES;
				GCC_WARN_UNUSED_VARIABLE = YES;
				IPHONEOS_DEPLOYMENT_TARGET = 18.4;
				LOCALIZATION_PREFERS_STRING_CATALOGS = YES;
				MTL_ENABLE_DEBUG_INFO = NO;
				MTL_FAST_MATH = YES;
				SDKROOT = iphoneos;
				SWIFT_COMPILATION_MODE = wholemodule;
				VALIDATE_PRODUCT = YES;
			};
			name = Release;
		};
		5A4CAB832DF0C51E00178D33 /* Debug */ = {
			isa = XCBuildConfiguration;
			buildSettings = {
				ASSETCATALOG_COMPILER_APPICON_NAME = AppIcon;
				ASSETCATALOG_COMPILER_GLOBAL_ACCENT_COLOR_NAME = AccentColor;
				CODE_SIGN_STYLE = Automatic;
				CURRENT_PROJECT_VERSION = 1;
				DEVELOPMENT_TEAM = N5DJJCAK38;
				ENABLE_PREVIEWS = YES;
				GENERATE_INFOPLIST_FILE = YES;
				INFOPLIST_KEY_UIApplicationSceneManifest_Generation = YES;
				INFOPLIST_KEY_UIApplicationSupportsIndirectInputEvents = YES;
				INFOPLIST_KEY_UILaunchScreen_Generation = YES;
				INFOPLIST_KEY_UISupportedInterfaceOrientations_iPad = "UIInterfaceOrientationPortrait UIInterfaceOrientationPortraitUpsideDown UIInterfaceOrientationLandscapeLeft UIInterfaceOrientationLandscapeRight";
				INFOPLIST_KEY_UISupportedInterfaceOrientations_iPhone = "UIInterfaceOrientationPortrait UIInterfaceOrientationLandscapeLeft UIInterfaceOrientationLandscapeRight";
				LD_RUNPATH_SEARCH_PATHS = (
					"$(inherited)",
					"@executable_path/Frameworks",
				);
				MARKETING_VERSION = 1.0;
				PRODUCT_BUNDLE_IDENTIFIER = my.pokemon.IOS.MyPokemon;
				PRODUCT_NAME = "$(TARGET_NAME)";
				SWIFT_EMIT_LOC_STRINGS = YES;
				SWIFT_VERSION = 5.0;
				TARGETED_DEVICE_FAMILY = "1,2";
			};
			name = Debug;
		};
		5A4CAB842DF0C51E00178D33 /* Release */ = {
			isa = XCBuildConfiguration;
			buildSettings = {
				ASSETCATALOG_COMPILER_APPICON_NAME = AppIcon;
				ASSETCATALOG_COMPILER_GLOBAL_ACCENT_COLOR_NAME = AccentColor;
				CODE_SIGN_STYLE = Automatic;
				CURRENT_PROJECT_VERSION = 1;
				DEVELOPMENT_TEAM = N5DJJCAK38;
				ENABLE_PREVIEWS = YES;
				GENERATE_INFOPLIST_FILE = YES;
				INFOPLIST_KEY_UIApplicationSceneManifest_Generation = YES;
				INFOPLIST_KEY_UIApplicationSupportsIndirectInputEvents = YES;
				INFOPLIST_KEY_UILaunchScreen_Generation = YES;
				INFOPLIST_KEY_UISupportedInterfaceOrientations_iPad = "UIInterfaceOrientationPortrait UIInterfaceOrientationPortraitUpsideDown UIInterfaceOrientationLandscapeLeft UIInterfaceOrientationLandscapeRight";
				INFOPLIST_KEY_UISupportedInterfaceOrientations_iPhone = "UIInterfaceOrientationPortrait UIInterfaceOrientationLandscapeLeft UIInterfaceOrientationLandscapeRight";
				LD_RUNPATH_SEARCH_PATHS = (
					"$(inherited)",
					"@executable_path/Frameworks",
				);
				MARKETING_VERSION = 1.0;
				PRODUCT_BUNDLE_IDENTIFIER = my.pokemon.IOS.MyPokemon;
				PRODUCT_NAME = "$(TARGET_NAME)";
				SWIFT_EMIT_LOC_STRINGS = YES;
				SWIFT_VERSION = 5.0;
				TARGETED_DEVICE_FAMILY = "1,2";
			};
			name = Release;
		};
		5A4CAB862DF0C51E00178D33 /* Debug */ = {
			isa = XCBuildConfiguration;
			buildSettings = {
				BUNDLE_LOADER = "$(TEST_HOST)";
				CODE_SIGN_STYLE = Automatic;
				CURRENT_PROJECT_VERSION = 1;
				DEVELOPMENT_TEAM = N5DJJCAK38;
				GENERATE_INFOPLIST_FILE = YES;
				IPHONEOS_DEPLOYMENT_TARGET = 18.4;
				MARKETING_VERSION = 1.0;
				PRODUCT_BUNDLE_IDENTIFIER = my.pokemon.IOS.MyPokemonTests;
				PRODUCT_NAME = "$(TARGET_NAME)";
				SWIFT_EMIT_LOC_STRINGS = NO;
				SWIFT_VERSION = 5.0;
				TARGETED_DEVICE_FAMILY = "1,2";
				TEST_HOST = "$(BUILT_PRODUCTS_DIR)/MyPokemon.app/$(BUNDLE_EXECUTABLE_FOLDER_PATH)/MyPokemon";
			};
			name = Debug;
		};
		5A4CAB872DF0C51E00178D33 /* Release */ = {
			isa = XCBuildConfiguration;
			buildSettings = {
				BUNDLE_LOADER = "$(TEST_HOST)";
				CODE_SIGN_STYLE = Automatic;
				CURRENT_PROJECT_VERSION = 1;
				DEVELOPMENT_TEAM = N5DJJCAK38;
				GENERATE_INFOPLIST_FILE = YES;
				IPHONEOS_DEPLOYMENT_TARGET = 18.4;
				MARKETING_VERSION = 1.0;
				PRODUCT_BUNDLE_IDENTIFIER = my.pokemon.IOS.MyPokemonTests;
				PRODUCT_NAME = "$(TARGET_NAME)";
				SWIFT_EMIT_LOC_STRINGS = NO;
				SWIFT_VERSION = 5.0;
				TARGETED_DEVICE_FAMILY = "1,2";
				TEST_HOST = "$(BUILT_PRODUCTS_DIR)/MyPokemon.app/$(BUNDLE_EXECUTABLE_FOLDER_PATH)/MyPokemon";
			};
			name = Release;
		};
		5A4CAB892DF0C51E00178D33 /* Debug */ = {
			isa = XCBuildConfiguration;
			buildSettings = {
				CODE_SIGN_STYLE = Automatic;
				CURRENT_PROJECT_VERSION = 1;
				DEVELOPMENT_TEAM = N5DJJCAK38;
				GENERATE_INFOPLIST_FILE = YES;
				MARKETING_VERSION = 1.0;
				PRODUCT_BUNDLE_IDENTIFIER = my.pokemon.IOS.MyPokemonUITests;
				PRODUCT_NAME = "$(TARGET_NAME)";
				SWIFT_EMIT_LOC_STRINGS = NO;
				SWIFT_VERSION = 5.0;
				TARGETED_DEVICE_FAMILY = "1,2";
				TEST_TARGET_NAME = MyPokemon;
			};
			name = Debug;
		};
		5A4CAB8A2DF0C51E00178D33 /* Release */ = {
			isa = XCBuildConfiguration;
			buildSettings = {
				CODE_SIGN_STYLE = Automatic;
				CURRENT_PROJECT_VERSION = 1;
				DEVELOPMENT_TEAM = N5DJJCAK38;
				GENERATE_INFOPLIST_FILE = YES;
				MARKETING_VERSION = 1.0;
				PRODUCT_BUNDLE_IDENTIFIER = my.pokemon.IOS.MyPokemonUITests;
				PRODUCT_NAME = "$(TARGET_NAME)";
				SWIFT_EMIT_LOC_STRINGS = NO;
				SWIFT_VERSION = 5.0;
				TARGETED_DEVICE_FAMILY = "1,2";
				TEST_TARGET_NAME = MyPokemon;
			};
			name = Release;
		};
/* End XCBuildConfiguration section */

/* Begin XCConfigurationList section */
		5A4CAB5A2DF0C51D00178D33 /* Build configuration list for PBXProject "MyPokemon" */ = {
			isa = XCConfigurationList;
			buildConfigurations = (
				5A4CAB802DF0C51E00178D33 /* Debug */,
				5A4CAB812DF0C51E00178D33 /* Release */,
			);
			defaultConfigurationIsVisible = 0;
			defaultConfigurationName = Release;
		};
		5A4CAB822DF0C51E00178D33 /* Build configuration list for PBXNativeTarget "MyPokemon" */ = {
			isa = XCConfigurationList;
			buildConfigurations = (
				5A4CAB832DF0C51E00178D33 /* Debug */,
				5A4CAB842DF0C51E00178D33 /* Release */,
			);
			defaultConfigurationIsVisible = 0;
			defaultConfigurationName = Release;
		};
		5A4CAB852DF0C51E00178D33 /* Build configuration list for PBXNativeTarget "MyPokemonTests" */ = {
			isa = XCConfigurationList;
			buildConfigurations = (
				5A4CAB862DF0C51E00178D33 /* Debug */,
				5A4CAB872DF0C51E00178D33 /* Release */,
			);
			defaultConfigurationIsVisible = 0;
			defaultConfigurationName = Release;
		};
		5A4CAB882DF0C51E00178D33 /* Build configuration list for PBXNativeTarget "MyPokemonUITests" */ = {
			isa = XCConfigurationList;
			buildConfigurations = (
				5A4CAB892DF0C51E00178D33 /* Debug */,
				5A4CAB8A2DF0C51E00178D33 /* Release */,
			);
			defaultConfigurationIsVisible = 0;
			defaultConfigurationName = Release;
		};
/* End XCConfigurationList section */
	};
	rootObject = 5A4CAB572DF0C51D00178D33 /* Project object */;
}
